
Microsoft Visual Studio Solution File, Format Version 12.00
# Visual Studio Version 16
VisualStudioVersion = 16.0.30002.166
MinimumVisualStudioVersion = 10.0.40219.1
Project("{9A19103F-16F7-4668-BE54-9A1E7A4F7556}") = "MondayReporting2", "MondayReporting2.csproj", "{EDFBA0D7-DBF3-462E-922C-A94775437A48}"
EndProject
Project("{FAE04EC0-301F-11D3-BF4B-00C04F79EFBC}") = "mondayReportingAPI", "..\mondayReportingAPI\mondayReportingAPI.csproj", "{7C07859D-8C14-4884-812B-A7CB29FE715D}"
EndProject
Global
	GlobalSection(SolutionConfigurationPlatforms) = preSolution
		Debug|Any CPU = Debug|Any CPU
		Release|Any CPU = Release|Any CPU
	EndGlobalSection
	GlobalSection(ProjectConfigurationPlatforms) = postSolution
		{EDFBA0D7-DBF3-462E-922C-A94775437A48}.Debug|Any CPU.ActiveCfg = Debug|Any CPU
		{EDFBA0D7-DBF3-462E-922C-A94775437A48}.Debug|Any CPU.Build.0 = Debug|Any CPU
		{EDFBA0D7-DBF3-462E-922C-A94775437A48}.Release|Any CPU.ActiveCfg = Release|Any CPU
		{EDFBA0D7-DBF3-462E-922C-A94775437A48}.Release|Any CPU.Build.0 = Release|Any CPU
		{7C07859D-8C14-4884-812B-A7CB29FE715D}.Debug|Any CPU.ActiveCfg = Debug|Any CPU
		{7C07859D-8C14-4884-812B-A7CB29FE715D}.Debug|Any CPU.Build.0 = Debug|Any CPU
		{7C07859D-8C14-4884-812B-A7CB29FE715D}.Release|Any CPU.ActiveCfg = Release|Any CPU
		{7C07859D-8C14-4884-812B-A7CB29FE715D}.Release|Any CPU.Build.0 = Release|Any CPU
	EndGlobalSection
	GlobalSection(SolutionProperties) = preSolution
		HideSolutionNode = FALSE
	EndGlobalSection
	GlobalSection(ExtensibilityGlobals) = postSolution
		SolutionGuid = {95B9DB72-3D67-4B38-8058-854DE7051BBB}
	EndGlobalSection
EndGlobal
